// !$*UTF8*$!
{
	archiveVersion = 1;
	classes = {
	};
	objectVersion = 46;
	objects = {

/* Begin PBXBuildFile section */
		DB47B1E614DB61110030A7DB /* Courier+Get.h in Headers */ = {isa = PBXBuildFile; fileRef = DB47B1E414DB61110030A7DB /* Courier+Get.h */; settings = {ATTRIBUTES = (Public, ); }; };
		DB47B1E714DB61110030A7DB /* Courier+Get.m in Sources */ = {isa = PBXBuildFile; fileRef = DB47B1E514DB61110030A7DB /* Courier+Get.m */; };
		DB47B1EC14DB62150030A7DB /* Courier+Post.h in Headers */ = {isa = PBXBuildFile; fileRef = DB47B1EA14DB62150030A7DB /* Courier+Post.h */; settings = {ATTRIBUTES = (Public, ); }; };
		DB47B1ED14DB62150030A7DB /* Courier+Post.m in Sources */ = {isa = PBXBuildFile; fileRef = DB47B1EB14DB62150030A7DB /* Courier+Post.m */; };
		DB64C483144F4BCD003D766A /* Foundation.framework in Frameworks */ = {isa = PBXBuildFile; fileRef = DB64C482144F4BCD003D766A /* Foundation.framework */; };
		DB64C489144F4BCD003D766A /* Courier.m in Sources */ = {isa = PBXBuildFile; fileRef = DB64C488144F4BCD003D766A /* Courier.m */; };
		DB64C491144F4BCD003D766A /* SenTestingKit.framework in Frameworks */ = {isa = PBXBuildFile; fileRef = DB64C490144F4BCD003D766A /* SenTestingKit.framework */; };
		DB64C494144F4BCD003D766A /* Foundation.framework in Frameworks */ = {isa = PBXBuildFile; fileRef = DB64C482144F4BCD003D766A /* Foundation.framework */; };
		DB64C497144F4BCD003D766A /* libCourier.a in Frameworks */ = {isa = PBXBuildFile; fileRef = DB64C47F144F4BCD003D766A /* libCourier.a */; };
		DB64C49D144F4BCD003D766A /* InfoPlist.strings in Resources */ = {isa = PBXBuildFile; fileRef = DB64C49B144F4BCD003D766A /* InfoPlist.strings */; };
		DB64C4A0144F4BCD003D766A /* CourierTests.m in Sources */ = {isa = PBXBuildFile; fileRef = DB64C49F144F4BCD003D766A /* CourierTests.m */; };
		DB64C4B9144F5C7C003D766A /* CRRequestOperation.h in Headers */ = {isa = PBXBuildFile; fileRef = DB64C4B7144F5C7C003D766A /* CRRequestOperation.h */; settings = {ATTRIBUTES = (Public, ); }; };
		DB64C4BA144F5C7C003D766A /* CRRequestOperation.m in Sources */ = {isa = PBXBuildFile; fileRef = DB64C4B8144F5C7C003D766A /* CRRequestOperation.m */; };
		DB83D0EB144F90D100D94890 /* CRRequest.h in Headers */ = {isa = PBXBuildFile; fileRef = DB83D0E9144F90D100D94890 /* CRRequest.h */; settings = {ATTRIBUTES = (Public, ); }; };
		DB83D0EC144F90D100D94890 /* CRRequest.m in Sources */ = {isa = PBXBuildFile; fileRef = DB83D0EA144F90D100D94890 /* CRRequest.m */; };
		DB83D0F4144F932D00D94890 /* CRResponse.h in Headers */ = {isa = PBXBuildFile; fileRef = DB83D0F2144F932D00D94890 /* CRResponse.h */; settings = {ATTRIBUTES = (Public, ); }; };
		DB83D0F5144F932D00D94890 /* CRResponse.m in Sources */ = {isa = PBXBuildFile; fileRef = DB83D0F3144F932D00D94890 /* CRResponse.m */; };
		DB83D105144F9BC400D94890 /* NSString+Courier.h in Headers */ = {isa = PBXBuildFile; fileRef = DB83D103144F9BC400D94890 /* NSString+Courier.h */; settings = {ATTRIBUTES = (Public, ); }; };
		DB83D106144F9BC400D94890 /* NSString+Courier.m in Sources */ = {isa = PBXBuildFile; fileRef = DB83D104144F9BC400D94890 /* NSString+Courier.m */; };
		DB83D12D1450CC0100D94890 /* NSData+Courier.h in Headers */ = {isa = PBXBuildFile; fileRef = DB83D12B1450CC0100D94890 /* NSData+Courier.h */; settings = {ATTRIBUTES = (Public, ); }; };
		DB83D12E1450CC0100D94890 /* NSData+Courier.m in Sources */ = {isa = PBXBuildFile; fileRef = DB83D12C1450CC0100D94890 /* NSData+Courier.m */; };
		DB83D1311450CF9600D94890 /* libz.dylib in Frameworks */ = {isa = PBXBuildFile; fileRef = DB83D1301450CF9600D94890 /* libz.dylib */; };
		DB83D1321450CFA300D94890 /* libz.dylib in Frameworks */ = {isa = PBXBuildFile; fileRef = DB83D1301450CF9600D94890 /* libz.dylib */; };
		DB843BB614E08A38005DFCF2 /* Reachability.h in Headers */ = {isa = PBXBuildFile; fileRef = DB843BA014E08A38005DFCF2 /* Reachability.h */; settings = {ATTRIBUTES = (Public, ); }; };
		DB843BB714E08A38005DFCF2 /* Reachability.m in Sources */ = {isa = PBXBuildFile; fileRef = DB843BA114E08A38005DFCF2 /* Reachability.m */; };
		DB843BC114E08CE7005DFCF2 /* SystemConfiguration.framework in Frameworks */ = {isa = PBXBuildFile; fileRef = DB843BC014E08CE7005DFCF2 /* SystemConfiguration.framework */; };
		DB843BC214E08D10005DFCF2 /* SystemConfiguration.framework in Frameworks */ = {isa = PBXBuildFile; fileRef = DB843BC014E08CE7005DFCF2 /* SystemConfiguration.framework */; };
		DB8E418E146C8564000C9341 /* libConductor.a in Frameworks */ = {isa = PBXBuildFile; fileRef = DB24BB621457912800BDAD0A /* libConductor.a */; };
		DBA5F95714560E4100EBFF68 /* Courier.h in Headers */ = {isa = PBXBuildFile; fileRef = DB64C487144F4BCD003D766A /* Courier.h */; settings = {ATTRIBUTES = (Public, ); }; };
/* End PBXBuildFile section */

/* Begin PBXContainerItemProxy section */
		DB24BB611457912800BDAD0A /* PBXContainerItemProxy */ = {
			isa = PBXContainerItemProxy;
			containerPortal = DB24BB591457912800BDAD0A /* Conductor.xcodeproj */;
			proxyType = 2;
			remoteGlobalIDString = DB83D19A1451F1B200D94890;
			remoteInfo = Conductor;
		};
		DB24BB631457912800BDAD0A /* PBXContainerItemProxy */ = {
			isa = PBXContainerItemProxy;
			containerPortal = DB24BB591457912800BDAD0A /* Conductor.xcodeproj */;
			proxyType = 2;
			remoteGlobalIDString = DB83D1AA1451F1B200D94890;
			remoteInfo = ConductorTests;
		};
		DB24BB661457914300BDAD0A /* PBXContainerItemProxy */ = {
			isa = PBXContainerItemProxy;
			containerPortal = DB24BB591457912800BDAD0A /* Conductor.xcodeproj */;
			proxyType = 1;
			remoteGlobalIDString = DB83D1991451F1B200D94890;
			remoteInfo = Conductor;
		};
		DB64C495144F4BCD003D766A /* PBXContainerItemProxy */ = {
			isa = PBXContainerItemProxy;
			containerPortal = DB64C474144F4BB0003D766A /* Project object */;
			proxyType = 1;
			remoteGlobalIDString = DB64C47E144F4BCD003D766A;
			remoteInfo = Courier;
		};
/* End PBXContainerItemProxy section */

/* Begin PBXFileReference section */
		DB24BB591457912800BDAD0A /* Conductor.xcodeproj */ = {isa = PBXFileReference; lastKnownFileType = "wrapper.pb-project"; name = Conductor.xcodeproj; path = ../Conductor/Conductor.xcodeproj; sourceTree = "<group>"; };
		DB47B1E414DB61110030A7DB /* Courier+Get.h */ = {isa = PBXFileReference; fileEncoding = 4; lastKnownFileType = sourcecode.c.h; path = "Courier+Get.h"; sourceTree = "<group>"; };
		DB47B1E514DB61110030A7DB /* Courier+Get.m */ = {isa = PBXFileReference; fileEncoding = 4; lastKnownFileType = sourcecode.c.objc; path = "Courier+Get.m"; sourceTree = "<group>"; };
		DB47B1EA14DB62150030A7DB /* Courier+Post.h */ = {isa = PBXFileReference; fileEncoding = 4; lastKnownFileType = sourcecode.c.h; path = "Courier+Post.h"; sourceTree = "<group>"; };
		DB47B1EB14DB62150030A7DB /* Courier+Post.m */ = {isa = PBXFileReference; fileEncoding = 4; lastKnownFileType = sourcecode.c.objc; path = "Courier+Post.m"; sourceTree = "<group>"; };
		DB64C47F144F4BCD003D766A /* libCourier.a */ = {isa = PBXFileReference; explicitFileType = archive.ar; includeInIndex = 0; path = libCourier.a; sourceTree = BUILT_PRODUCTS_DIR; };
		DB64C482144F4BCD003D766A /* Foundation.framework */ = {isa = PBXFileReference; lastKnownFileType = wrapper.framework; name = Foundation.framework; path = System/Library/Frameworks/Foundation.framework; sourceTree = SDKROOT; };
		DB64C486144F4BCD003D766A /* Courier-Prefix.pch */ = {isa = PBXFileReference; lastKnownFileType = sourcecode.c.h; path = "Courier-Prefix.pch"; sourceTree = "<group>"; };
		DB64C487144F4BCD003D766A /* Courier.h */ = {isa = PBXFileReference; lastKnownFileType = sourcecode.c.h; path = Courier.h; sourceTree = "<group>"; };
		DB64C488144F4BCD003D766A /* Courier.m */ = {isa = PBXFileReference; lastKnownFileType = sourcecode.c.objc; path = Courier.m; sourceTree = "<group>"; };
		DB64C48F144F4BCD003D766A /* CourierTests.octest */ = {isa = PBXFileReference; explicitFileType = wrapper.cfbundle; includeInIndex = 0; path = CourierTests.octest; sourceTree = BUILT_PRODUCTS_DIR; };
		DB64C490144F4BCD003D766A /* SenTestingKit.framework */ = {isa = PBXFileReference; lastKnownFileType = wrapper.framework; name = SenTestingKit.framework; path = Library/Frameworks/SenTestingKit.framework; sourceTree = DEVELOPER_DIR; };
		DB64C49A144F4BCD003D766A /* CourierTests-Info.plist */ = {isa = PBXFileReference; lastKnownFileType = text.plist.xml; path = "CourierTests-Info.plist"; sourceTree = "<group>"; };
		DB64C49C144F4BCD003D766A /* en */ = {isa = PBXFileReference; lastKnownFileType = text.plist.strings; name = en; path = en.lproj/InfoPlist.strings; sourceTree = "<group>"; };
		DB64C49E144F4BCD003D766A /* CourierTests.h */ = {isa = PBXFileReference; lastKnownFileType = sourcecode.c.h; path = CourierTests.h; sourceTree = "<group>"; };
		DB64C49F144F4BCD003D766A /* CourierTests.m */ = {isa = PBXFileReference; lastKnownFileType = sourcecode.c.objc; path = CourierTests.m; sourceTree = "<group>"; };
		DB64C4B7144F5C7C003D766A /* CRRequestOperation.h */ = {isa = PBXFileReference; fileEncoding = 4; lastKnownFileType = sourcecode.c.h; path = CRRequestOperation.h; sourceTree = "<group>"; };
		DB64C4B8144F5C7C003D766A /* CRRequestOperation.m */ = {isa = PBXFileReference; fileEncoding = 4; lastKnownFileType = sourcecode.c.objc; path = CRRequestOperation.m; sourceTree = "<group>"; };
		DB83D0E9144F90D100D94890 /* CRRequest.h */ = {isa = PBXFileReference; fileEncoding = 4; lastKnownFileType = sourcecode.c.h; path = CRRequest.h; sourceTree = "<group>"; };
		DB83D0EA144F90D100D94890 /* CRRequest.m */ = {isa = PBXFileReference; fileEncoding = 4; lastKnownFileType = sourcecode.c.objc; path = CRRequest.m; sourceTree = "<group>"; };
		DB83D0F2144F932D00D94890 /* CRResponse.h */ = {isa = PBXFileReference; fileEncoding = 4; lastKnownFileType = sourcecode.c.h; path = CRResponse.h; sourceTree = "<group>"; };
		DB83D0F3144F932D00D94890 /* CRResponse.m */ = {isa = PBXFileReference; fileEncoding = 4; lastKnownFileType = sourcecode.c.objc; path = CRResponse.m; sourceTree = "<group>"; };
		DB83D103144F9BC400D94890 /* NSString+Courier.h */ = {isa = PBXFileReference; fileEncoding = 4; lastKnownFileType = sourcecode.c.h; path = "NSString+Courier.h"; sourceTree = "<group>"; };
		DB83D104144F9BC400D94890 /* NSString+Courier.m */ = {isa = PBXFileReference; fileEncoding = 4; lastKnownFileType = sourcecode.c.objc; path = "NSString+Courier.m"; sourceTree = "<group>"; };
		DB83D12B1450CC0100D94890 /* NSData+Courier.h */ = {isa = PBXFileReference; fileEncoding = 4; lastKnownFileType = sourcecode.c.h; path = "NSData+Courier.h"; sourceTree = "<group>"; };
		DB83D12C1450CC0100D94890 /* NSData+Courier.m */ = {isa = PBXFileReference; fileEncoding = 4; lastKnownFileType = sourcecode.c.objc; path = "NSData+Courier.m"; sourceTree = "<group>"; };
		DB83D1301450CF9600D94890 /* libz.dylib */ = {isa = PBXFileReference; lastKnownFileType = "compiled.mach-o.dylib"; name = libz.dylib; path = Platforms/iPhoneOS.platform/Developer/SDKs/iPhoneOS5.0.sdk/usr/lib/libz.dylib; sourceTree = DEVELOPER_DIR; };
		DB843BA014E08A38005DFCF2 /* Reachability.h */ = {isa = PBXFileReference; fileEncoding = 4; lastKnownFileType = sourcecode.c.h; path = Reachability.h; sourceTree = "<group>"; };
		DB843BA114E08A38005DFCF2 /* Reachability.m */ = {isa = PBXFileReference; fileEncoding = 4; lastKnownFileType = sourcecode.c.objc; path = Reachability.m; sourceTree = "<group>"; };
		DB843BC014E08CE7005DFCF2 /* SystemConfiguration.framework */ = {isa = PBXFileReference; lastKnownFileType = wrapper.framework; name = SystemConfiguration.framework; path = Platforms/iPhoneOS.platform/Developer/SDKs/iPhoneOS5.0.sdk/System/Library/Frameworks/SystemConfiguration.framework; sourceTree = DEVELOPER_DIR; };
		DBB524131458EBA9006040C7 /* TestAPI.rb */ = {isa = PBXFileReference; fileEncoding = 4; lastKnownFileType = text.script.ruby; name = TestAPI.rb; path = Sinatra/TestAPI.rb; sourceTree = "<group>"; };
/* End PBXFileReference section */

/* Begin PBXFrameworksBuildPhase section */
		DB64C47C144F4BCD003D766A /* Frameworks */ = {
			isa = PBXFrameworksBuildPhase;
			buildActionMask = 2147483647;
			files = (
				DB64C483144F4BCD003D766A /* Foundation.framework in Frameworks */,
				DB843BC114E08CE7005DFCF2 /* SystemConfiguration.framework in Frameworks */,
				DB8E418E146C8564000C9341 /* libConductor.a in Frameworks */,
				DB83D1311450CF9600D94890 /* libz.dylib in Frameworks */,
			);
			runOnlyForDeploymentPostprocessing = 0;
		};
		DB64C48B144F4BCD003D766A /* Frameworks */ = {
			isa = PBXFrameworksBuildPhase;
			buildActionMask = 2147483647;
			files = (
				DB64C494144F4BCD003D766A /* Foundation.framework in Frameworks */,
				DB64C491144F4BCD003D766A /* SenTestingKit.framework in Frameworks */,
				DB843BC214E08D10005DFCF2 /* SystemConfiguration.framework in Frameworks */,
				DB64C497144F4BCD003D766A /* libCourier.a in Frameworks */,
				DB83D1321450CFA300D94890 /* libz.dylib in Frameworks */,
			);
			runOnlyForDeploymentPostprocessing = 0;
		};
/* End PBXFrameworksBuildPhase section */

/* Begin PBXGroup section */
		DB24BB571457910800BDAD0A /* Vendors */ = {
			isa = PBXGroup;
			children = (
				DB843B7E14E08A38005DFCF2 /* Reachability */,
				DB24BB591457912800BDAD0A /* Conductor.xcodeproj */,
			);
			name = Vendors;
			sourceTree = "<group>";
		};
		DB24BB5A1457912800BDAD0A /* Products */ = {
			isa = PBXGroup;
			children = (
				DB24BB621457912800BDAD0A /* libConductor.a */,
				DB24BB641457912800BDAD0A /* ConductorTests.octest */,
			);
			name = Products;
			sourceTree = "<group>";
		};
		DB64C472144F4BB0003D766A = {
			isa = PBXGroup;
			children = (
				DB64C484144F4BCD003D766A /* Courier */,
				DB64C498144F4BCD003D766A /* CourierTests */,
				DB64C481144F4BCD003D766A /* Frameworks */,
				DB64C480144F4BCD003D766A /* Products */,
				DB24BB571457910800BDAD0A /* Vendors */,
			);
			sourceTree = "<group>";
		};
		DB64C480144F4BCD003D766A /* Products */ = {
			isa = PBXGroup;
			children = (
				DB64C47F144F4BCD003D766A /* libCourier.a */,
				DB64C48F144F4BCD003D766A /* CourierTests.octest */,
			);
			name = Products;
			sourceTree = "<group>";
		};
		DB64C481144F4BCD003D766A /* Frameworks */ = {
			isa = PBXGroup;
			children = (
				DB843BC014E08CE7005DFCF2 /* SystemConfiguration.framework */,
				DB83D1301450CF9600D94890 /* libz.dylib */,
				DB64C482144F4BCD003D766A /* Foundation.framework */,
				DB64C490144F4BCD003D766A /* SenTestingKit.framework */,
			);
			name = Frameworks;
			sourceTree = "<group>";
		};
		DB64C484144F4BCD003D766A /* Courier */ = {
			isa = PBXGroup;
			children = (
				DB64C487144F4BCD003D766A /* Courier.h */,
				DB64C488144F4BCD003D766A /* Courier.m */,
				DB47B1E414DB61110030A7DB /* Courier+Get.h */,
				DB47B1E514DB61110030A7DB /* Courier+Get.m */,
				DB47B1EA14DB62150030A7DB /* Courier+Post.h */,
				DB47B1EB14DB62150030A7DB /* Courier+Post.m */,
				DB83D0E9144F90D100D94890 /* CRRequest.h */,
				DB83D0EA144F90D100D94890 /* CRRequest.m */,
				DB64C4B7144F5C7C003D766A /* CRRequestOperation.h */,
				DB64C4B8144F5C7C003D766A /* CRRequestOperation.m */,
				DB83D0F2144F932D00D94890 /* CRResponse.h */,
				DB83D0F3144F932D00D94890 /* CRResponse.m */,
				DB83D103144F9BC400D94890 /* NSString+Courier.h */,
				DB83D104144F9BC400D94890 /* NSString+Courier.m */,
				DB83D12B1450CC0100D94890 /* NSData+Courier.h */,
				DB83D12C1450CC0100D94890 /* NSData+Courier.m */,
				DB64C485144F4BCD003D766A /* Supporting Files */,
			);
			path = Courier;
			sourceTree = "<group>";
		};
		DB64C485144F4BCD003D766A /* Supporting Files */ = {
			isa = PBXGroup;
			children = (
				DB64C486144F4BCD003D766A /* Courier-Prefix.pch */,
			);
			name = "Supporting Files";
			sourceTree = "<group>";
		};
		DB64C498144F4BCD003D766A /* CourierTests */ = {
			isa = PBXGroup;
			children = (
				DB64C49E144F4BCD003D766A /* CourierTests.h */,
				DB64C49F144F4BCD003D766A /* CourierTests.m */,
				DB64C499144F4BCD003D766A /* Supporting Files */,
				DBB524121458E175006040C7 /* Sinatra */,
			);
			path = CourierTests;
			sourceTree = "<group>";
		};
		DB64C499144F4BCD003D766A /* Supporting Files */ = {
			isa = PBXGroup;
			children = (
				DB64C49A144F4BCD003D766A /* CourierTests-Info.plist */,
				DB64C49B144F4BCD003D766A /* InfoPlist.strings */,
			);
			name = "Supporting Files";
			sourceTree = "<group>";
		};
		DB843B7E14E08A38005DFCF2 /* Reachability */ = {
			isa = PBXGroup;
			children = (
				DB843BA014E08A38005DFCF2 /* Reachability.h */,
				DB843BA114E08A38005DFCF2 /* Reachability.m */,
			);
			name = Reachability;
			path = Vendors/Reachability;
			sourceTree = "<group>";
		};
		DBB524121458E175006040C7 /* Sinatra */ = {
			isa = PBXGroup;
			children = (
				DBB524131458EBA9006040C7 /* TestAPI.rb */,
			);
			name = Sinatra;
			sourceTree = "<group>";
		};
/* End PBXGroup section */

/* Begin PBXHeadersBuildPhase section */
		DB64C47D144F4BCD003D766A /* Headers */ = {
			isa = PBXHeadersBuildPhase;
			buildActionMask = 2147483647;
			files = (
				DB64C4B9144F5C7C003D766A /* CRRequestOperation.h in Headers */,
				DB83D0EB144F90D100D94890 /* CRRequest.h in Headers */,
				DB83D0F4144F932D00D94890 /* CRResponse.h in Headers */,
				DB83D105144F9BC400D94890 /* NSString+Courier.h in Headers */,
				DB83D12D1450CC0100D94890 /* NSData+Courier.h in Headers */,
				DBA5F95714560E4100EBFF68 /* Courier.h in Headers */,
				DB47B1E614DB61110030A7DB /* Courier+Get.h in Headers */,
				DB47B1EC14DB62150030A7DB /* Courier+Post.h in Headers */,
				DB843BB614E08A38005DFCF2 /* Reachability.h in Headers */,
			);
			runOnlyForDeploymentPostprocessing = 0;
		};
/* End PBXHeadersBuildPhase section */

/* Begin PBXNativeTarget section */
		DB64C47E144F4BCD003D766A /* Courier */ = {
			isa = PBXNativeTarget;
			buildConfigurationList = DB64C4A1144F4BCD003D766A /* Build configuration list for PBXNativeTarget "Courier" */;
			buildPhases = (
				DB64C47B144F4BCD003D766A /* Sources */,
				DB64C47C144F4BCD003D766A /* Frameworks */,
				DB64C47D144F4BCD003D766A /* Headers */,
			);
			buildRules = (
			);
			dependencies = (
				DB24BB671457914300BDAD0A /* PBXTargetDependency */,
			);
			name = Courier;
			productName = Courier;
			productReference = DB64C47F144F4BCD003D766A /* libCourier.a */;
			productType = "com.apple.product-type.library.static";
		};
		DB64C48E144F4BCD003D766A /* CourierTests */ = {
			isa = PBXNativeTarget;
			buildConfigurationList = DB64C4A4144F4BCD003D766A /* Build configuration list for PBXNativeTarget "CourierTests" */;
			buildPhases = (
				DB64C48A144F4BCD003D766A /* Sources */,
				DB64C48B144F4BCD003D766A /* Frameworks */,
				DB64C48C144F4BCD003D766A /* Resources */,
				DB64C48D144F4BCD003D766A /* ShellScript */,
			);
			buildRules = (
			);
			dependencies = (
				DB64C496144F4BCD003D766A /* PBXTargetDependency */,
			);
			name = CourierTests;
			productName = CourierTests;
			productReference = DB64C48F144F4BCD003D766A /* CourierTests.octest */;
			productType = "com.apple.product-type.bundle";
		};
/* End PBXNativeTarget section */

/* Begin PBXProject section */
		DB64C474144F4BB0003D766A /* Project object */ = {
			isa = PBXProject;
			attributes = {
				LastUpgradeCheck = 0420;
				ORGANIZATIONNAME = "Andrew B. Smith";
			};
			buildConfigurationList = DB64C477144F4BB0003D766A /* Build configuration list for PBXProject "Courier" */;
			compatibilityVersion = "Xcode 3.2";
			developmentRegion = English;
			hasScannedForEncodings = 0;
			knownRegions = (
				en,
			);
			mainGroup = DB64C472144F4BB0003D766A;
			productRefGroup = DB64C480144F4BCD003D766A /* Products */;
			projectDirPath = "";
			projectReferences = (
				{
					ProductGroup = DB24BB5A1457912800BDAD0A /* Products */;
					ProjectRef = DB24BB591457912800BDAD0A /* Conductor.xcodeproj */;
				},
			);
			projectRoot = "";
			targets = (
				DB64C47E144F4BCD003D766A /* Courier */,
				DB64C48E144F4BCD003D766A /* CourierTests */,
			);
		};
/* End PBXProject section */

/* Begin PBXReferenceProxy section */
		DB24BB621457912800BDAD0A /* libConductor.a */ = {
			isa = PBXReferenceProxy;
			fileType = archive.ar;
			path = libConductor.a;
			remoteRef = DB24BB611457912800BDAD0A /* PBXContainerItemProxy */;
			sourceTree = BUILT_PRODUCTS_DIR;
		};
		DB24BB641457912800BDAD0A /* ConductorTests.octest */ = {
			isa = PBXReferenceProxy;
			fileType = wrapper.cfbundle;
			path = ConductorTests.octest;
			remoteRef = DB24BB631457912800BDAD0A /* PBXContainerItemProxy */;
			sourceTree = BUILT_PRODUCTS_DIR;
		};
/* End PBXReferenceProxy section */

/* Begin PBXResourcesBuildPhase section */
		DB64C48C144F4BCD003D766A /* Resources */ = {
			isa = PBXResourcesBuildPhase;
			buildActionMask = 2147483647;
			files = (
				DB64C49D144F4BCD003D766A /* InfoPlist.strings in Resources */,
			);
			runOnlyForDeploymentPostprocessing = 0;
		};
/* End PBXResourcesBuildPhase section */

/* Begin PBXShellScriptBuildPhase section */
		DB64C48D144F4BCD003D766A /* ShellScript */ = {
			isa = PBXShellScriptBuildPhase;
			buildActionMask = 2147483647;
			files = (
			);
			inputPaths = (
			);
			outputPaths = (
			);
			runOnlyForDeploymentPostprocessing = 0;
			shellPath = /bin/sh;
			shellScript = "# Run the unit tests in this test bundle.\n\"${SYSTEM_DEVELOPER_DIR}/Tools/RunUnitTests\"\n";
		};
/* End PBXShellScriptBuildPhase section */

/* Begin PBXSourcesBuildPhase section */
		DB64C47B144F4BCD003D766A /* Sources */ = {
			isa = PBXSourcesBuildPhase;
			buildActionMask = 2147483647;
			files = (
				DB64C489144F4BCD003D766A /* Courier.m in Sources */,
				DB64C4BA144F5C7C003D766A /* CRRequestOperation.m in Sources */,
				DB83D0EC144F90D100D94890 /* CRRequest.m in Sources */,
				DB83D0F5144F932D00D94890 /* CRResponse.m in Sources */,
				DB83D106144F9BC400D94890 /* NSString+Courier.m in Sources */,
				DB83D12E1450CC0100D94890 /* NSData+Courier.m in Sources */,
				DB47B1E714DB61110030A7DB /* Courier+Get.m in Sources */,
				DB47B1ED14DB62150030A7DB /* Courier+Post.m in Sources */,
				DB843BB714E08A38005DFCF2 /* Reachability.m in Sources */,
			);
			runOnlyForDeploymentPostprocessing = 0;
		};
		DB64C48A144F4BCD003D766A /* Sources */ = {
			isa = PBXSourcesBuildPhase;
			buildActionMask = 2147483647;
			files = (
				DB64C4A0144F4BCD003D766A /* CourierTests.m in Sources */,
			);
			runOnlyForDeploymentPostprocessing = 0;
		};
/* End PBXSourcesBuildPhase section */

/* Begin PBXTargetDependency section */
		DB24BB671457914300BDAD0A /* PBXTargetDependency */ = {
			isa = PBXTargetDependency;
			name = Conductor;
			targetProxy = DB24BB661457914300BDAD0A /* PBXContainerItemProxy */;
		};
		DB64C496144F4BCD003D766A /* PBXTargetDependency */ = {
			isa = PBXTargetDependency;
			target = DB64C47E144F4BCD003D766A /* Courier */;
			targetProxy = DB64C495144F4BCD003D766A /* PBXContainerItemProxy */;
		};
/* End PBXTargetDependency section */

/* Begin PBXVariantGroup section */
		DB64C49B144F4BCD003D766A /* InfoPlist.strings */ = {
			isa = PBXVariantGroup;
			children = (
				DB64C49C144F4BCD003D766A /* en */,
			);
			name = InfoPlist.strings;
			sourceTree = "<group>";
		};
/* End PBXVariantGroup section */

/* Begin XCBuildConfiguration section */
		DB64C479144F4BB0003D766A /* Debug */ = {
			isa = XCBuildConfiguration;
			buildSettings = {
				SCAN_ALL_SOURCE_FILES_FOR_INCLUDES = YES;
			};
			name = Debug;
		};
		DB64C47A144F4BB0003D766A /* Release */ = {
			isa = XCBuildConfiguration;
			buildSettings = {
				SCAN_ALL_SOURCE_FILES_FOR_INCLUDES = YES;
			};
			name = Release;
		};
		DB64C4A2144F4BCD003D766A /* Debug */ = {
			isa = XCBuildConfiguration;
			buildSettings = {
				ALWAYS_SEARCH_USER_PATHS = YES;
				ARCHS = "$(ARCHS_STANDARD_32_BIT)";
				CLANG_ENABLE_OBJC_ARC = YES;
				COPY_PHASE_STRIP = NO;
				DSTROOT = /tmp/Courier.dst;
				GCC_C_LANGUAGE_STANDARD = gnu99;
				GCC_DYNAMIC_NO_PIC = NO;
				GCC_OPTIMIZATION_LEVEL = 0;
				GCC_PRECOMPILE_PREFIX_HEADER = YES;
				GCC_PREFIX_HEADER = "Courier/Courier-Prefix.pch";
				GCC_PREPROCESSOR_DEFINITIONS = (
					"DEBUG=1",
					"$(inherited)",
				);
				GCC_SYMBOLS_PRIVATE_EXTERN = NO;
				GCC_VERSION = com.apple.compilers.llvm.clang.1_0;
				GCC_WARN_ABOUT_MISSING_PROTOTYPES = YES;
				GCC_WARN_ABOUT_RETURN_TYPE = YES;
				GCC_WARN_UNUSED_VARIABLE = YES;
				HEADER_SEARCH_PATHS = "";
				IPHONEOS_DEPLOYMENT_TARGET = 5.0;
				OTHER_LDFLAGS = "-ObjC";
				PRIVATE_HEADERS_FOLDER_PATH = include/Courier/Private;
				PRODUCT_NAME = "$(TARGET_NAME)";
				PUBLIC_HEADERS_FOLDER_PATH = include/Courier;
				SDKROOT = iphoneos;
				SKIP_INSTALL = YES;
				USER_HEADER_SEARCH_PATHS = "$(OBJROOT)/UninstalledProducts/include";
			};
			name = Debug;
		};
		DB64C4A3144F4BCD003D766A /* Release */ = {
			isa = XCBuildConfiguration;
			buildSettings = {
				ALWAYS_SEARCH_USER_PATHS = YES;
				ARCHS = "$(ARCHS_STANDARD_32_BIT)";
				CLANG_ENABLE_OBJC_ARC = YES;
				COPY_PHASE_STRIP = YES;
				DSTROOT = /tmp/Courier.dst;
				GCC_C_LANGUAGE_STANDARD = gnu99;
				GCC_PRECOMPILE_PREFIX_HEADER = YES;
				GCC_PREFIX_HEADER = "Courier/Courier-Prefix.pch";
				GCC_VERSION = com.apple.compilers.llvm.clang.1_0;
				GCC_WARN_ABOUT_MISSING_PROTOTYPES = YES;
				GCC_WARN_ABOUT_RETURN_TYPE = YES;
				GCC_WARN_UNUSED_VARIABLE = YES;
				HEADER_SEARCH_PATHS = "";
				IPHONEOS_DEPLOYMENT_TARGET = 5.0;
				OTHER_LDFLAGS = "-ObjC";
				PRIVATE_HEADERS_FOLDER_PATH = include/Courier/Private;
				PRODUCT_NAME = "$(TARGET_NAME)";
				PUBLIC_HEADERS_FOLDER_PATH = include/Courier;
				SDKROOT = iphoneos;
				SKIP_INSTALL = YES;
				USER_HEADER_SEARCH_PATHS = "$(OBJROOT)/UninstalledProducts/include";
				VALIDATE_PRODUCT = YES;
			};
			name = Release;
		};
		DB64C4A5144F4BCD003D766A /* Debug */ = {
			isa = XCBuildConfiguration;
			buildSettings = {
				ALWAYS_SEARCH_USER_PATHS = YES;
				ARCHS = "$(ARCHS_STANDARD_32_BIT)";
				COPY_PHASE_STRIP = NO;
				FRAMEWORK_SEARCH_PATHS = (
					"$(SDKROOT)/Developer/Library/Frameworks",
					"$(DEVELOPER_LIBRARY_DIR)/Frameworks",
				);
				GCC_C_LANGUAGE_STANDARD = gnu99;
				GCC_DYNAMIC_NO_PIC = NO;
				GCC_OPTIMIZATION_LEVEL = 0;
				GCC_PRECOMPILE_PREFIX_HEADER = YES;
				GCC_PREFIX_HEADER = "Courier/Courier-Prefix.pch";
				GCC_PREPROCESSOR_DEFINITIONS = (
					"DEBUG=1",
					"$(inherited)",
				);
				GCC_SYMBOLS_PRIVATE_EXTERN = NO;
				GCC_VERSION = com.apple.compilers.llvm.clang.1_0;
				GCC_WARN_ABOUT_MISSING_PROTOTYPES = YES;
				GCC_WARN_ABOUT_RETURN_TYPE = YES;
				GCC_WARN_UNUSED_VARIABLE = YES;
				INFOPLIST_FILE = "CourierTests/CourierTests-Info.plist";
				IPHONEOS_DEPLOYMENT_TARGET = 5.0;
				OTHER_LDFLAGS = "-ObjC";
				PRODUCT_NAME = "$(TARGET_NAME)";
				SDKROOT = iphoneos;
				USER_HEADER_SEARCH_PATHS = "$(BUILT_PRODUCTS_DIR)/include/** $(BUILT_PRODUCTS_DIR)/include/Courier $(BUILT_PRODUCTS_DIR)/include/Conductor";
				WRAPPER_EXTENSION = octest;
			};
			name = Debug;
		};
		DB64C4A6144F4BCD003D766A /* Release */ = {
			isa = XCBuildConfiguration;
			buildSettings = {
				ALWAYS_SEARCH_USER_PATHS = YES;
				ARCHS = "$(ARCHS_STANDARD_32_BIT)";
				COPY_PHASE_STRIP = YES;
				FRAMEWORK_SEARCH_PATHS = (
					"$(SDKROOT)/Developer/Library/Frameworks",
					"$(DEVELOPER_LIBRARY_DIR)/Frameworks",
				);
				GCC_C_LANGUAGE_STANDARD = gnu99;
				GCC_PRECOMPILE_PREFIX_HEADER = YES;
				GCC_PREFIX_HEADER = "Courier/Courier-Prefix.pch";
				GCC_VERSION = com.apple.compilers.llvm.clang.1_0;
				GCC_WARN_ABOUT_MISSING_PROTOTYPES = YES;
				GCC_WARN_ABOUT_RETURN_TYPE = YES;
				GCC_WARN_UNUSED_VARIABLE = YES;
				INFOPLIST_FILE = "CourierTests/CourierTests-Info.plist";
				IPHONEOS_DEPLOYMENT_TARGET = 5.0;
				OTHER_LDFLAGS = "-ObjC";
				PRODUCT_NAME = "$(TARGET_NAME)";
				SDKROOT = iphoneos;
				USER_HEADER_SEARCH_PATHS = "$(BUILT_PRODUCTS_DIR)/include/** $(BUILT_PRODUCTS_DIR)/include/Courier $(BUILT_PRODUCTS_DIR)/include/Conductor";
				VALIDATE_PRODUCT = YES;
				WRAPPER_EXTENSION = octest;
			};
			name = Release;
		};
/* End XCBuildConfiguration section */

/* Begin XCConfigurationList section */
		DB64C477144F4BB0003D766A /* Build configuration list for PBXProject "Courier" */ = {
			isa = XCConfigurationList;
			buildConfigurations = (
				DB64C479144F4BB0003D766A /* Debug */,
				DB64C47A144F4BB0003D766A /* Release */,
			);
			defaultConfigurationIsVisible = 0;
			defaultConfigurationName = Release;
		};
		DB64C4A1144F4BCD003D766A /* Build configuration list for PBXNativeTarget "Courier" */ = {
			isa = XCConfigurationList;
			buildConfigurations = (
				DB64C4A2144F4BCD003D766A /* Debug */,
				DB64C4A3144F4BCD003D766A /* Release */,
			);
			defaultConfigurationIsVisible = 0;
			defaultConfigurationName = Release;
		};
		DB64C4A4144F4BCD003D766A /* Build configuration list for PBXNativeTarget "CourierTests" */ = {
			isa = XCConfigurationList;
			buildConfigurations = (
				DB64C4A5144F4BCD003D766A /* Debug */,
				DB64C4A6144F4BCD003D766A /* Release */,
			);
			defaultConfigurationIsVisible = 0;
			defaultConfigurationName = Release;
		};
/* End XCConfigurationList section */
	};
	rootObject = DB64C474144F4BB0003D766A /* Project object */;
}
